// !$*UTF8*$!
{
	archiveVersion = 1;
	classes = {
	};
	objectVersion = 46;
	objects = {

/* Begin PBXBuildFile section */
		191E3F951D872D2400963531 /* AppDelegate.swift in Sources */ = {isa = PBXBuildFile; fileRef = 191E3F941D872D2400963531 /* AppDelegate.swift */; };
		191E3F9A1D872D2400963531 /* Main.storyboard in Resources */ = {isa = PBXBuildFile; fileRef = 191E3F981D872D2400963531 /* Main.storyboard */; };
		191E3F9C1D872D2400963531 /* Assets.xcassets in Resources */ = {isa = PBXBuildFile; fileRef = 191E3F9B1D872D2400963531 /* Assets.xcassets */; };
		191E3F9F1D872D2400963531 /* LaunchScreen.storyboard in Resources */ = {isa = PBXBuildFile; fileRef = 191E3F9D1D872D2400963531 /* LaunchScreen.storyboard */; };
		191E3FAA1D872D2400963531 /* TrekYouTests.swift in Sources */ = {isa = PBXBuildFile; fileRef = 191E3FA91D872D2400963531 /* TrekYouTests.swift */; };
		191E3FB51D872DA300963531 /* MainViewController.swift in Sources */ = {isa = PBXBuildFile; fileRef = 191E3FB41D872DA300963531 /* MainViewController.swift */; };
		191E3FB71D87300C00963531 /* MainScreenLayout.swift in Sources */ = {isa = PBXBuildFile; fileRef = 191E3FB61D87300C00963531 /* MainScreenLayout.swift */; };
		19E5A5A11D8E95E700B9B8DF /* Aple Time.ttf in Resources */ = {isa = PBXBuildFile; fileRef = 19E5A5A01D8E953600B9B8DF /* Aple Time.ttf */; };
/* End PBXBuildFile section */

/* Begin PBXContainerItemProxy section */
		191E3FA61D872D2400963531 /* PBXContainerItemProxy */ = {
			isa = PBXContainerItemProxy;
			containerPortal = 191E3F891D872D2400963531 /* Project object */;
			proxyType = 1;
			remoteGlobalIDString = 191E3F901D872D2400963531;
			remoteInfo = TrekYou;
		};
/* End PBXContainerItemProxy section */

/* Begin PBXFileReference section */
		191E3F911D872D2400963531 /* TrekYou.app */ = {isa = PBXFileReference; explicitFileType = wrapper.application; includeInIndex = 0; path = TrekYou.app; sourceTree = BUILT_PRODUCTS_DIR; };
		191E3F941D872D2400963531 /* AppDelegate.swift */ = {isa = PBXFileReference; lastKnownFileType = sourcecode.swift; path = AppDelegate.swift; sourceTree = "<group>"; };
		191E3F991D872D2400963531 /* Base */ = {isa = PBXFileReference; lastKnownFileType = file.storyboard; name = Base; path = Base.lproj/Main.storyboard; sourceTree = "<group>"; };
		191E3F9B1D872D2400963531 /* Assets.xcassets */ = {isa = PBXFileReference; lastKnownFileType = folder.assetcatalog; path = Assets.xcassets; sourceTree = "<group>"; };
		191E3F9E1D872D2400963531 /* Base */ = {isa = PBXFileReference; lastKnownFileType = file.storyboard; name = Base; path = Base.lproj/LaunchScreen.storyboard; sourceTree = "<group>"; };
		191E3FA01D872D2400963531 /* Info.plist */ = {isa = PBXFileReference; lastKnownFileType = text.plist.xml; path = Info.plist; sourceTree = "<group>"; };
		191E3FA51D872D2400963531 /* TrekYouTests.xctest */ = {isa = PBXFileReference; explicitFileType = wrapper.cfbundle; includeInIndex = 0; path = TrekYouTests.xctest; sourceTree = BUILT_PRODUCTS_DIR; };
		191E3FA91D872D2400963531 /* TrekYouTests.swift */ = {isa = PBXFileReference; lastKnownFileType = sourcecode.swift; path = TrekYouTests.swift; sourceTree = "<group>"; };
		191E3FAB1D872D2400963531 /* Info.plist */ = {isa = PBXFileReference; lastKnownFileType = text.plist.xml; path = Info.plist; sourceTree = "<group>"; };
		191E3FB41D872DA300963531 /* MainViewController.swift */ = {isa = PBXFileReference; fileEncoding = 4; lastKnownFileType = sourcecode.swift; path = MainViewController.swift; sourceTree = "<group>"; };
		191E3FB61D87300C00963531 /* MainScreenLayout.swift */ = {isa = PBXFileReference; fileEncoding = 4; lastKnownFileType = sourcecode.swift; path = MainScreenLayout.swift; sourceTree = "<group>"; };
		19E5A5A01D8E953600B9B8DF /* Aple Time.ttf */ = {isa = PBXFileReference; lastKnownFileType = file; path = "Aple Time.ttf"; sourceTree = "<group>"; };
/* End PBXFileReference section */

/* Begin PBXFrameworksBuildPhase section */
		191E3F8E1D872D2400963531 /* Frameworks */ = {
			isa = PBXFrameworksBuildPhase;
			buildActionMask = 2147483647;
			files = (
			);
			runOnlyForDeploymentPostprocessing = 0;
		};
		191E3FA21D872D2400963531 /* Frameworks */ = {
			isa = PBXFrameworksBuildPhase;
			buildActionMask = 2147483647;
			files = (
			);
			runOnlyForDeploymentPostprocessing = 0;
		};
/* End PBXFrameworksBuildPhase section */

/* Begin PBXGroup section */
		191E3F881D872D2400963531 = {
			isa = PBXGroup;
			children = (
				191E3F931D872D2400963531 /* TrekYou */,
				191E3FA81D872D2400963531 /* TrekYouTests */,
				191E3F921D872D2400963531 /* Products */,
			);
			sourceTree = "<group>";
		};
		191E3F921D872D2400963531 /* Products */ = {
			isa = PBXGroup;
			children = (
				191E3F911D872D2400963531 /* TrekYou.app */,
				191E3FA51D872D2400963531 /* TrekYouTests.xctest */,
			);
			name = Products;
			sourceTree = "<group>";
		};
		191E3F931D872D2400963531 /* TrekYou */ = {
			isa = PBXGroup;
			children = (
				191E3F941D872D2400963531 /* AppDelegate.swift */,
				191E3F981D872D2400963531 /* Main.storyboard */,
				191E3FB41D872DA300963531 /* MainViewController.swift */,
				191E3FB61D87300C00963531 /* MainScreenLayout.swift */,
				19E5A5A01D8E953600B9B8DF /* Aple Time.ttf */,
				191E3F9B1D872D2400963531 /* Assets.xcassets */,
				191E3F9D1D872D2400963531 /* LaunchScreen.storyboard */,
				191E3FA01D872D2400963531 /* Info.plist */,
			);
			path = TrekYou;
			sourceTree = "<group>";
		};
		191E3FA81D872D2400963531 /* TrekYouTests */ = {
			isa = PBXGroup;
			children = (
				191E3FA91D872D2400963531 /* TrekYouTests.swift */,
				191E3FAB1D872D2400963531 /* Info.plist */,
			);
			path = TrekYouTests;
			sourceTree = "<group>";
		};
/* End PBXGroup section */

/* Begin PBXNativeTarget section */
		191E3F901D872D2400963531 /* TrekYou */ = {
			isa = PBXNativeTarget;
			buildConfigurationList = 191E3FAE1D872D2400963531 /* Build configuration list for PBXNativeTarget "TrekYou" */;
			buildPhases = (
				191E3F8D1D872D2400963531 /* Sources */,
				191E3F8E1D872D2400963531 /* Frameworks */,
				191E3F8F1D872D2400963531 /* Resources */,
			);
			buildRules = (
			);
			dependencies = (
			);
			name = TrekYou;
			productName = TrekYou;
			productReference = 191E3F911D872D2400963531 /* TrekYou.app */;
			productType = "com.apple.product-type.application";
		};
		191E3FA41D872D2400963531 /* TrekYouTests */ = {
			isa = PBXNativeTarget;
			buildConfigurationList = 191E3FB11D872D2400963531 /* Build configuration list for PBXNativeTarget "TrekYouTests" */;
			buildPhases = (
				191E3FA11D872D2400963531 /* Sources */,
				191E3FA21D872D2400963531 /* Frameworks */,
				191E3FA31D872D2400963531 /* Resources */,
			);
			buildRules = (
			);
			dependencies = (
				191E3FA71D872D2400963531 /* PBXTargetDependency */,
			);
			name = TrekYouTests;
			productName = TrekYouTests;
			productReference = 191E3FA51D872D2400963531 /* TrekYouTests.xctest */;
			productType = "com.apple.product-type.bundle.unit-test";
		};
/* End PBXNativeTarget section */

/* Begin PBXProject section */
		191E3F891D872D2400963531 /* Project object */ = {
			isa = PBXProject;
			attributes = {
				LastSwiftUpdateCheck = 0730;
				LastUpgradeCheck = 0730;
				ORGANIZATIONNAME = "Aleix Baggerman";
				TargetAttributes = {
					191E3F901D872D2400963531 = {
						CreatedOnToolsVersion = 7.3.1;
					};
					191E3FA41D872D2400963531 = {
						CreatedOnToolsVersion = 7.3.1;
						TestTargetID = 191E3F901D872D2400963531;
					};
				};
			};
			buildConfigurationList = 191E3F8C1D872D2400963531 /* Build configuration list for PBXProject "TrekYou" */;
			compatibilityVersion = "Xcode 3.2";
			developmentRegion = English;
			hasScannedForEncodings = 0;
			knownRegions = (
				en,
				Base,
			);
			mainGroup = 191E3F881D872D2400963531;
			productRefGroup = 191E3F921D872D2400963531 /* Products */;
			projectDirPath = "";
			projectRoot = "";
			targets = (
				191E3F901D872D2400963531 /* TrekYou */,
				191E3FA41D872D2400963531 /* TrekYouTests */,
			);
		};
/* End PBXProject section */

/* Begin PBXResourcesBuildPhase section */
		191E3F8F1D872D2400963531 /* Resources */ = {
			isa = PBXResourcesBuildPhase;
			buildActionMask = 2147483647;
			files = (
				19E5A5A11D8E95E700B9B8DF /* Aple Time.ttf in Resources */,
				191E3F9F1D872D2400963531 /* LaunchScreen.storyboard in Resources */,
				191E3F9C1D872D2400963531 /* Assets.xcassets in Resources */,
				191E3F9A1D872D2400963531 /* Main.storyboard in Resources */,
			);
			runOnlyForDeploymentPostprocessing = 0;
		};
		191E3FA31D872D2400963531 /* Resources */ = {
			isa = PBXResourcesBuildPhase;
			buildActionMask = 2147483647;
			files = (
			);
			runOnlyForDeploymentPostprocessing = 0;
		};
/* End PBXResourcesBuildPhase section */

/* Begin PBXSourcesBuildPhase section */
		191E3F8D1D872D2400963531 /* Sources */ = {
			isa = PBXSourcesBuildPhase;
			buildActionMask = 2147483647;
			files = (
				191E3FB71D87300C00963531 /* MainScreenLayout.swift in Sources */,
				191E3F951D872D2400963531 /* AppDelegate.swift in Sources */,
				191E3FB51D872DA300963531 /* MainViewController.swift in Sources */,
			);
			runOnlyForDeploymentPostprocessing = 0;
		};
		191E3FA11D872D2400963531 /* Sources */ = {
			isa = PBXSourcesBuildPhase;
			buildActionMask = 2147483647;
			files = (
				191E3FAA1D872D2400963531 /* TrekYouTests.swift in Sources */,
			);
			runOnlyForDeploymentPostprocessing = 0;
		};
/* End PBXSourcesBuildPhase section */

/* Begin PBXTargetDependency section */
		191E3FA71D872D2400963531 /* PBXTargetDependency */ = {
			isa = PBXTargetDependency;
			target = 191E3F901D872D2400963531 /* TrekYou */;
			targetProxy = 191E3FA61D872D2400963531 /* PBXContainerItemProxy */;
		};
/* End PBXTargetDependency section */

/* Begin PBXVariantGroup section */
		191E3F981D872D2400963531 /* Main.storyboard */ = {
			isa = PBXVariantGroup;
			children = (
				191E3F991D872D2400963531 /* Base */,
			);
			name = Main.storyboard;
			sourceTree = "<group>";
		};
		191E3F9D1D872D2400963531 /* LaunchScreen.storyboard */ = {
			isa = PBXVariantGroup;
			children = (
				191E3F9E1D872D2400963531 /* Base */,
			);
			name = LaunchScreen.storyboard;
			sourceTree = "<group>";
		};
/* End PBXVariantGroup section */

/* Begin XCBuildConfiguration section */
		191E3FAC1D872D2400963531 /* Debug */ = {
			isa = XCBuildConfiguration;
			buildSettings = {
				ALWAYS_SEARCH_USER_PATHS = NO;
				CLANG_ANALYZER_NONNULL = YES;
				CLANG_CXX_LANGUAGE_STANDARD = "gnu++0x";
				CLANG_CXX_LIBRARY = "libc++";
				CLANG_ENABLE_MODULES = YES;
				CLANG_ENABLE_OBJC_ARC = YES;
				CLANG_WARN_BOOL_CONVERSION = YES;
				CLANG_WARN_CONSTANT_CONVERSION = YES;
				CLANG_WARN_DIRECT_OBJC_ISA_USAGE = YES_ERROR;
				CLANG_WARN_EMPTY_BODY = YES;
				CLANG_WARN_ENUM_CONVERSION = YES;
				CLANG_WARN_INT_CONVERSION = YES;
				CLANG_WARN_OBJC_ROOT_CLASS = YES_ERROR;
				CLANG_WARN_UNREACHABLE_CODE = YES;
				CLANG_WARN__DUPLICATE_METHOD_MATCH = YES;
				"CODE_SIGN_IDENTITY[sdk=iphoneos*]" = "iPhone Developer";
				COPY_PHASE_STRIP = NO;
				DEBUG_INFORMATION_FORMAT = dwarf;
				ENABLE_STRICT_OBJC_MSGSEND = YES;
				ENABLE_TESTABILITY = YES;
				GCC_C_LANGUAGE_STANDARD = gnu99;
				GCC_DYNAMIC_NO_PIC = NO;
				GCC_NO_COMMON_BLOCKS = YES;
				GCC_OPTIMIZATION_LEVEL = 0;
				GCC_PREPROCESSOR_DEFINITIONS = (
					"DEBUG=1",
					"$(inherited)",
				);
				GCC_WARN_64_TO_32_BIT_CONVERSION = YES;
				GCC_WARN_ABOUT_RETURN_TYPE = YES_ERROR;
				GCC_WARN_UNDECLARED_SELECTOR = YES;
				GCC_WARN_UNINITIALIZED_AUTOS = YES_AGGRESSIVE;
				GCC_WARN_UNUSED_FUNCTION = YES;
				GCC_WARN_UNUSED_VARIABLE = YES;
				IPHONEOS_DEPLOYMENT_TARGET = 9.3;
				MTL_ENABLE_DEBUG_INFO = YES;
				ONLY_ACTIVE_ARCH = YES;
				SDKROOT = iphoneos;
				SWIFT_OPTIMIZATION_LEVEL = "-Onone";
				TARGETED_DEVICE_FAMILY = "1,2";
			};
			name = Debug;
		};
		191E3FAD1D872D2400963531 /* Release */ = {
			isa = XCBuildConfiguration;
			buildSettings = {
				ALWAYS_SEARCH_USER_PATHS = NO;
				CLANG_ANALYZER_NONNULL = YES;
				CLANG_CXX_LANGUAGE_STANDARD = "gnu++0x";
				CLANG_CXX_LIBRARY = "libc++";
				CLANG_ENABLE_MODULES = YES;
				CLANG_ENABLE_OBJC_ARC = YES;
				CLANG_WARN_BOOL_CONVERSION = YES;
				CLANG_WARN_CONSTANT_CONVERSION = YES;
				CLANG_WARN_DIRECT_OBJC_ISA_USAGE = YES_ERROR;
				CLANG_WARN_EMPTY_BODY = YES;
				CLANG_WARN_ENUM_CONVERSION = YES;
				CLANG_WARN_INT_CONVERSION = YES;
				CLANG_WARN_OBJC_ROOT_CLASS = YES_ERROR;
				CLANG_WARN_UNREACHABLE_CODE = YES;
				CLANG_WARN__DUPLICATE_METHOD_MATCH = YES;
				"CODE_SIGN_IDENTITY[sdk=iphoneos*]" = "iPhone Developer";
				COPY_PHASE_STRIP = NO;
				DEBUG_INFORMATION_FORMAT = "dwarf-with-dsym";
				ENABLE_NS_ASSERTIONS = NO;
				ENABLE_STRICT_OBJC_MSGSEND = YES;
				GCC_C_LANGUAGE_STANDARD = gnu99;
				GCC_NO_COMMON_BLOCKS = YES;
				GCC_WARN_64_TO_32_BIT_CONVERSION = YES;
				GCC_WARN_ABOUT_RETURN_TYPE = YES_ERROR;
				GCC_WARN_UNDECLARED_SELECTOR = YES;
				GCC_WARN_UNINITIALIZED_AUTOS = YES_AGGRESSIVE;
				GCC_WARN_UNUSED_FUNCTION = YES;
				GCC_WARN_UNUSED_VARIABLE = YES;
				IPHONEOS_DEPLOYMENT_TARGET = 9.3;
				MTL_ENABLE_DEBUG_INFO = NO;
				SDKROOT = iphoneos;
				TARGETED_DEVICE_FAMILY = "1,2";
				VALIDATE_PRODUCT = YES;
			};
			name = Release;
		};
		191E3FAF1D872D2400963531 /* Debug */ = {
			isa = XCBuildConfiguration;
			buildSettings = {
				ASSETCATALOG_COMPILER_APPICON_NAME = AppIcon;
				INFOPLIST_FILE = TrekYou/Info.plist;
				LD_RUNPATH_SEARCH_PATHS = "$(inherited) @executable_path/Frameworks";
				PRODUCT_BUNDLE_IDENTIFIER = AleixDiaz.TrekYou;
				PRODUCT_NAME = "$(TARGET_NAME)";
			};
			name = Debug;
		};
		191E3FB01D872D2400963531 /* Release */ = {
			isa = XCBuildConfiguration;
			buildSettings = {
				ASSETCATALOG_COMPILER_APPICON_NAME = AppIcon;
				INFOPLIST_FILE = TrekYou/Info.plist;
				LD_RUNPATH_SEARCH_PATHS = "$(inherited) @executable_path/Frameworks";
				PRODUCT_BUNDLE_IDENTIFIER = AleixDiaz.TrekYou;
				PRODUCT_NAME = "$(TARGET_NAME)";
			};
			name = Release;
		};
		191E3FB21D872D2400963531 /* Debug */ = {
			isa = XCBuildConfiguration;
			buildSettings = {
				BUNDLE_LOADER = "$(TEST_HOST)";
				INFOPLIST_FILE = TrekYouTests/Info.plist;
				LD_RUNPATH_SEARCH_PATHS = "$(inherited) @executable_path/Frameworks @loader_path/Frameworks";
				PRODUCT_BUNDLE_IDENTIFIER = AleixDiaz.TrekYouTests;
				PRODUCT_NAME = "$(TARGET_NAME)";
				TEST_HOST = "$(BUILT_PRODUCTS_DIR)/TrekYou.app/TrekYou";
			};
			name = Debug;
		};
		191E3FB31D872D2400963531 /* Release */ = {
			isa = XCBuildConfiguration;
			buildSettings = {
				BUNDLE_LOADER = "$(TEST_HOST)";
				INFOPLIST_FILE = TrekYouTests/Info.plist;
				LD_RUNPATH_SEARCH_PATHS = "$(inherited) @executable_path/Frameworks @loader_path/Frameworks";
				PRODUCT_BUNDLE_IDENTIFIER = AleixDiaz.TrekYouTests;
				PRODUCT_NAME = "$(TARGET_NAME)";
				TEST_HOST = "$(BUILT_PRODUCTS_DIR)/TrekYou.app/TrekYou";
			};
			name = Release;
		};
/* End XCBuildConfiguration section */

/* Begin XCConfigurationList section */
		191E3F8C1D872D2400963531 /* Build configuration list for PBXProject "TrekYou" */ = {
			isa = XCConfigurationList;
			buildConfigurations = (
				191E3FAC1D872D2400963531 /* Debug */,
				191E3FAD1D872D2400963531 /* Release */,
			);
			defaultConfigurationIsVisible = 0;
			defaultConfigurationName = Release;
		};
		191E3FAE1D872D2400963531 /* Build configuration list for PBXNativeTarget "TrekYou" */ = {
			isa = XCConfigurationList;
			buildConfigurations = (
				191E3FAF1D872D2400963531 /* Debug */,
				191E3FB01D872D2400963531 /* Release */,
			);
			defaultConfigurationIsVisible = 0;
			defaultConfigurationName = Release;
		};
		191E3FB11D872D2400963531 /* Build configuration list for PBXNativeTarget "TrekYouTests" */ = {
			isa = XCConfigurationList;
			buildConfigurations = (
				191E3FB21D872D2400963531 /* Debug */,
				191E3FB31D872D2400963531 /* Release */,
			);
			defaultConfigurationIsVisible = 0;
			defaultConfigurationName = Release;
		};
/* End XCConfigurationList section */
	};
	rootObject = 191E3F891D872D2400963531 /* Project object */;
}
